
Microsoft Visual Studio Solution File, Format Version 12.00
# Visual Studio 2012
Project("{FAE04EC0-301F-11D3-BF4B-00C04F79EFBC}") = "quan_ly", "WindowsFormsApplication1\quan_ly.csproj", "{7A07274C-4C17-4280-A031-D2CC9287397B}"
EndProject
Project("{FAE04EC0-301F-11D3-BF4B-00C04F79EFBC}") = "CheckPayment", "CheckPayment\CheckPayment.csproj", "{6A6C1061-E273-4AA5-9DE8-2EDFB5674577}"
EndProject
Project("{FAE04EC0-301F-11D3-BF4B-00C04F79EFBC}") = "CreateReport", "CreateReport\CreateReport.csproj", "{F26E3594-46C7-40D1-9D97-4D2F494F00CE}"
EndProject
Global
	GlobalSection(SolutionConfigurationPlatforms) = preSolution
		Debug|Any CPU = Debug|Any CPU
		Release|Any CPU = Release|Any CPU
	EndGlobalSection
	GlobalSection(ProjectConfigurationPlatforms) = postSolution
		{7A07274C-4C17-4280-A031-D2CC9287397B}.Debug|Any CPU.ActiveCfg = Debug|Any CPU
		{7A07274C-4C17-4280-A031-D2CC9287397B}.Debug|Any CPU.Build.0 = Debug|Any CPU
		{7A07274C-4C17-4280-A031-D2CC9287397B}.Release|Any CPU.ActiveCfg = Release|Any CPU
		{7A07274C-4C17-4280-A031-D2CC9287397B}.Release|Any CPU.Build.0 = Release|Any CPU
		{6A6C1061-E273-4AA5-9DE8-2EDFB5674577}.Debug|Any CPU.ActiveCfg = Debug|Any CPU
		{6A6C1061-E273-4AA5-9DE8-2EDFB5674577}.Debug|Any CPU.Build.0 = Debug|Any CPU
		{6A6C1061-E273-4AA5-9DE8-2EDFB5674577}.Release|Any CPU.ActiveCfg = Release|Any CPU
		{6A6C1061-E273-4AA5-9DE8-2EDFB5674577}.Release|Any CPU.Build.0 = Release|Any CPU
		{F26E3594-46C7-40D1-9D97-4D2F494F00CE}.Debug|Any CPU.ActiveCfg = Debug|Any CPU
		{F26E3594-46C7-40D1-9D97-4D2F494F00CE}.Debug|Any CPU.Build.0 = Debug|Any CPU
		{F26E3594-46C7-40D1-9D97-4D2F494F00CE}.Release|Any CPU.ActiveCfg = Release|Any CPU
		{F26E3594-46C7-40D1-9D97-4D2F494F00CE}.Release|Any CPU.Build.0 = Release|Any CPU
	EndGlobalSection
	GlobalSection(SolutionProperties) = preSolution
		HideSolutionNode = FALSE
	EndGlobalSection
EndGlobal
